<?xml version="1.0" encoding="utf-8"?>
<Project ToolsVersion="4.0" xmlns="http://schemas.microsoft.com/developer/msbuild/2003">
  <ItemGroup>
    <Filter Include="Source Files">
      <UniqueIdentifier>{4FC737F1-C7A5-4376-A066-2A32D752A2FF}</UniqueIdentifier>
      <Extensions>cpp;c;cc;cxx;c++;cppm;ixx;def;odl;idl;hpj;bat;asm;asmx</Extensions>
    </Filter>
    <Filter Include="Header Files">
      <UniqueIdentifier>{93995380-89BD-4b04-88EB-625FBE52EBFB}</UniqueIdentifier>
      <Extensions>h;hh;hpp;hxx;h++;hm;inl;inc;ipp;xsd</Extensions>
    </Filter>
    <Filter Include="Resource Files">
      <UniqueIdentifier>{67DA6AB6-F800-4c08-8B7A-83BB121AAD01}</UniqueIdentifier>
      <Extensions>rc;ico;cur;bmp;dlg;rc2;rct;bin;rgs;gif;jpg;jpeg;jpe;resx;tiff;tif;png;wav;mfcribbon-ms</Extensions>
    </Filter>
    <Filter Include="Source Files\console">
      <UniqueIdentifier>{a1e9cd22-12cb-4dd1-89fd-d49b61ba11a4}</UniqueIdentifier>
    </Filter>
    <Filter Include="Header Files\console">
      <UniqueIdentifier>{7ffcb336-d7a7-420a-9834-c809dca52477}</UniqueIdentifier>
    </Filter>
    <Filter Include="Source Files\db">
      <UniqueIdentifier>{f1a8a7a4-6cc9-4845-bd96-b0e6ee37b769}</UniqueIdentifier>
    </Filter>
    <Filter Include="Source Files\ui">
      <UniqueIdentifier>{360523a6-7374-4a74-970b-10107ade4010}</UniqueIdentifier>
    </Filter>
    <Filter Include="Source Files\process">
      <UniqueIdentifier>{cb494cfd-494a-4e8d-9a28-d0c1c43f30fc}</UniqueIdentifier>
    </Filter>
    <Filter Include="Header Files\ui">
      <UniqueIdentifier>{2f50c8c7-8124-4f83-83b6-30aada163cc6}</UniqueIdentifier>
    </Filter>
    <Filter Include="Header Files\db">
      <UniqueIdentifier>{9938ca29-7d41-4827-b568-3d954359bb03}</UniqueIdentifier>
    </Filter>
    <Filter Include="Header Files\process">
      <UniqueIdentifier>{b5a68cbf-5d41-4075-8bbe-b444d15e5992}</UniqueIdentifier>
    </Filter>
  </ItemGroup>
  <ItemGroup>
    <None Include="..\..\stairs_climb\climb_down\table_create.sql">
      <Filter>Resource Files</Filter>
    </None>
    <None Include="README.md" />
  </ItemGroup>
  <ItemGroup>
    <ClCompile Include="main.c">
      <Filter>Source Files</Filter>
    </ClCompile>
    <ClCompile Include="console.c">
      <Filter>Source Files\console</Filter>
    </ClCompile>
    <ClCompile Include="db.c">
      <Filter>Source Files\db</Filter>
    </ClCompile>
    <ClCompile Include="game.c">
      <Filter>Source Files\process</Filter>
    </ClCompile>
    <ClCompile Include="splash_screen.c">
      <Filter>Source Files\ui</Filter>
    </ClCompile>
    <ClCompile Include="ingame_ui.c">
      <Filter>Source Files\ui</Filter>
    </ClCompile>
    <ClCompile Include="gameOver.c">
      <Filter>Source Files\ui</Filter>
    </ClCompile>
    <ClCompile Include="db_ui.c">
      <Filter>Source Files\ui</Filter>
    </ClCompile>
    <ClCompile Include="menu.c">
      <Filter>Source Files\ui</Filter>
    </ClCompile>
  </ItemGroup>
  <ItemGroup>
    <ClInclude Include="console.h">
      <Filter>Header Files\console</Filter>
    </ClInclude>
    <ClInclude Include="game_process.h">
      <Filter>Header Files\process</Filter>
    </ClInclude>
    <ClInclude Include="db.h">
      <Filter>Header Files\db</Filter>
    </ClInclude>
    <ClInclude Include="ui.h">
      <Filter>Header Files\ui</Filter>
    </ClInclude>
    <ClInclude Include="db_ui.h">
      <Filter>Header Files\ui</Filter>
    </ClInclude>
  </ItemGroup>
</Project>